
Microsoft Visual Studio Solution File, Format Version 12.00
# Visual Studio Version 16
VisualStudioVersion = 16.0.32510.428
MinimumVisualStudioVersion = 10.0.40219.1
Project("{9A19103F-16F7-4668-BE54-9A1E7A4F7556}") = "MonoTime", "MonoTime\MonoTime.csproj", "{7644B903-5BAA-4CE9-AAA1-D73065352CE3}"
EndProject
Project("{FAE04EC0-301F-11D3-BF4B-00C04F79EFBC}") = "Stacker", "Stacker\Stacker.csproj", "{5749B602-F8EF-4F32-89A0-EDBD77F143B7}"
EndProject
Global
	GlobalSection(SolutionConfigurationPlatforms) = preSolution
		Debug|Any CPU = Debug|Any CPU
		Release|Any CPU = Release|Any CPU
	EndGlobalSection
	GlobalSection(ProjectConfigurationPlatforms) = postSolution
		{7644B903-5BAA-4CE9-AAA1-D73065352CE3}.Debug|Any CPU.ActiveCfg = Debug|Any CPU
		{7644B903-5BAA-4CE9-AAA1-D73065352CE3}.Debug|Any CPU.Build.0 = Debug|Any CPU
		{7644B903-5BAA-4CE9-AAA1-D73065352CE3}.Release|Any CPU.ActiveCfg = Release|Any CPU
		{7644B903-5BAA-4CE9-AAA1-D73065352CE3}.Release|Any CPU.Build.0 = Release|Any CPU
		{5749B602-F8EF-4F32-89A0-EDBD77F143B7}.Debug|Any CPU.ActiveCfg = Debug|Any CPU
		{5749B602-F8EF-4F32-89A0-EDBD77F143B7}.Debug|Any CPU.Build.0 = Debug|Any CPU
		{5749B602-F8EF-4F32-89A0-EDBD77F143B7}.Release|Any CPU.ActiveCfg = Release|Any CPU
		{5749B602-F8EF-4F32-89A0-EDBD77F143B7}.Release|Any CPU.Build.0 = Release|Any CPU
	EndGlobalSection
	GlobalSection(SolutionProperties) = preSolution
		HideSolutionNode = FALSE
	EndGlobalSection
	GlobalSection(ExtensibilityGlobals) = postSolution
		SolutionGuid = {FEC0FD3F-3523-4886-89AA-951CFA3B3994}
	EndGlobalSection
EndGlobal
